
Microsoft Visual Studio Solution File, Format Version 12.00
# Visual Studio Version 17
VisualStudioVersion = 17.4.33110.190
MinimumVisualStudioVersion = 10.0.40219.1
Project("{FAE04EC0-301F-11D3-BF4B-00C04F79EFBC}") = "asp.intro", "asp.intro\asp.intro.csproj", "{546B03BD-8CA8-4D60-BE7A-ECE5ED198F56}"
EndProject
Global
	GlobalSection(SolutionConfigurationPlatforms) = preSolution
		Debug|Any CPU = Debug|Any CPU
		Release|Any CPU = Release|Any CPU
	EndGlobalSection
	GlobalSection(ProjectConfigurationPlatforms) = postSolution
		{546B03BD-8CA8-4D60-BE7A-ECE5ED198F56}.Debug|Any CPU.ActiveCfg = Debug|Any CPU
		{546B03BD-8CA8-4D60-BE7A-ECE5ED198F56}.Debug|Any CPU.Build.0 = Debug|Any CPU
		{546B03BD-8CA8-4D60-BE7A-ECE5ED198F56}.Release|Any CPU.ActiveCfg = Release|Any CPU
		{546B03BD-8CA8-4D60-BE7A-ECE5ED198F56}.Release|Any CPU.Build.0 = Release|Any CPU
	EndGlobalSection
	GlobalSection(SolutionProperties) = preSolution
		HideSolutionNode = FALSE
	EndGlobalSection
	GlobalSection(ExtensibilityGlobals) = postSolution
		SolutionGuid = {3DE11B78-3079-48A0-97CB-444AD5D2E048}
	EndGlobalSection
EndGlobal
